{
    "_meta": {
        "hash": {
            "sha256": "f470ae7e50c32bdaffe6b4970325ee4d6ba1d6b448c565e82b008e08698dab51"
        },
        "pipfile-spec": 6,
        "requires": {},
        "sources": [
            {
                "name": "pypi",
                "url": "https://pypi.python.org/simple",
                "verify_ssl": true
            }
        ]
    },
    "default": {
        "aiofiles": {
            "hashes": [
                "sha256:25c66ea3872d05d53292a6b3f7fa0f86691512076446d83a505d227b5e76f668",
                "sha256:852a493a877b73e11823bfd4e8e5ef2610d70d12c9eaed961bcd9124d8de8c10"
            ],
            "version": "==0.3.2"
        },
        "certifi": {
            "hashes": [
                "sha256:13e698f54293db9f89122b0581843a782ad0934a4fe0172d2a980ba77fc61bb7",
                "sha256:9fa520c1bacfb634fa7af20a76bcbd3d5fb390481724c597da32c719a7dca4b0"
            ],
            "version": "==2018.4.16"
        },
        "chardet": {
            "hashes": [
                "sha256:84ab92ed1c4d4f16916e05906b6b75a6c0fb5db821cc65e70cbd64a3e2a5eaae",
                "sha256:fc323ffcaeaed0e0a02bf4d117757b98aed530d9ed4531e3e15460124c106691"
            ],
            "version": "==3.0.4"
        },
        "httptools": {
            "hashes": [
                "sha256:04c7703bbef0e8ca28b09811547352b8c7c20549eab70dc24e536bb24fd2b7c5"
            ],
            "version": "==0.0.11"
        },
        "idna": {
            "hashes": [
                "sha256:2c6a5de3089009e3da7c5dde64a141dbc8551d5b7f6cf4ed7c2568d0cc520a8f",
                "sha256:8c7309c718f94b3a625cb648ace320157ad16ff131ae0af362c9f21b80ef6ec4"
            ],
            "version": "==2.6"
        },
        "jinja2": {
            "hashes": [
                "sha256:74c935a1b8bb9a3947c50a54766a969d4846290e1e788ea44c1392163723c3bd",
                "sha256:f84be1bb0040caca4cea721fcbbbbd61f9be9464ca236387158b0feea01914a4"
            ],
            "index": "pypi",
            "version": "==2.10"
        },
        "markupsafe": {
            "hashes": [
                "sha256:a6be69091dac236ea9c6bc7d012beab42010fa914c459791d627dad4910eb665"
            ],
            "version": "==1.0"
        },
        "meh": {
            "hashes": [
                "sha256:c1dd9d92eda20a98f0fd91fe6889390ba5cf04107be8789c0368e178f11e8f43"
            ],
            "index": "pypi",
            "version": "==1.2.1"
        },
        "requests": {
            "hashes": [
                "sha256:6a1b267aa90cac58ac3a765d067950e7dbbf75b1da07e895d1f594193a40a38b",
                "sha256:9c443e7324ba5b85070c4a818ade28bfabedf16ea10206da1132edaa6dda237e"
            ],
            "index": "pypi",
            "version": "==2.18.4"
        },
        "sanic": {
            "hashes": [
                "sha256:18a3bd729093ac93a245849c44045c505a11e6d36da5bf231cb986bfb1e3c14c",
                "sha256:22b1a6f1dc55db8a136335cb0961afa95040ca78aa8c78425a40d91e8618e60e"
            ],
            "index": "pypi",
            "version": "==0.7.0"
        },
        "spotipy": {
            "hashes": [
                "sha256:4b05da481b5c5dd4d1da8c0f0d13ca805dde037db648d12be866244b19501ed1"
            ],
            "index": "pypi",
            "version": "==2.4.4"
        },
        "ujson": {
            "hashes": [
                "sha256:f66073e5506e91d204ab0c614a148d5aa938bdbf104751be66f8ad7a222f5f86"
            ],
            "version": "==1.35"
        },
        "urllib3": {
            "hashes": [
                "sha256:06330f386d6e4b195fbfc736b297f58c5a892e4440e54d294d7004e3a9bbea1b",
                "sha256:cc44da8e1145637334317feebd728bd869a35285b93cbb4cca2577da7e62db4f"
            ],
            "version": "==1.22"
        },
        "uvloop": {
            "hashes": [
                "sha256:34138af5f6ced8f2f2ba39b487119988f5055245223a330de71957c8a6713b84",
                "sha256:5336c76cd5a984b3d614170fe7a90f8cbda69eae2d9b69f00439afad86841cfd",
                "sha256:66268d184b37b1b6952dfa912b46baee41f23b51235665c7c0c01871ee893db4",
                "sha256:9803fe492b5776e2a3a256dc43f14e14627f549614c6d791acd5f1f599a33599",
                "sha256:a23ab4551f9e28fea66bebc1851e6834daa25ab708c3c86c3cbab0f93fb337cb",
                "sha256:b53401e3f77ff3828cf8e6bdc4155b18d6106ea56c8a338eb90de5e40373e18e",
                "sha256:d43830035386a5605e5ce385b75651170f2c821aa9ad7566794ac21814e4e367",
                "sha256:dbc7158699e20eadcce6d6bcfcfc4541e557557c839217b79cc25e6d5a0d072a",
                "sha256:ea31e75620c63d5507cc3c0bbe9646e6d8fea81f93c643ba631f2ab7d84d1f60",
                "sha256:edfd7e24cf8b68d6d4228066251c91884bb142b4ed62e6189602f50c44240d90"
            ],
            "version": "==0.11.0"
        },
        "websockets": {
            "hashes": [
                "sha256:0b7b561bcbf992edd54e961b89551b5b6073415a0446fe445bd6554d41dabb95",
                "sha256:2469c98f2254878a49a6eda248d3ed8a89bbdca85cc316ff72ea15924cec9e1f",
                "sha256:29b676568e4fcb1a05064473b96243ef4e9391f251b4c485cf7f93507787b459",
                "sha256:2a05e42400de009c1c330167cd6d90b300d2364d2dd1e6539d01a6a22901967b",
                "sha256:39241fb291c1648e33dc41208be876a5771466291f0f6f7bff8f6732373084bd",
                "sha256:43c332fc331541c57d40c124089b270d668c25a6b04908bd688969375db7327f",
                "sha256:480259ec6e80f28859f23b5c231beb856fb96ab30e64ee621fdaf27da1515604",
                "sha256:9049ec652713f5132b512d3498c2d37264580714ccc95dbc0f7f9622c3f6da7e",
                "sha256:a17c45716178a42cc8f66f587507f01e169a75556749d88f714e4c1d295885d1",
                "sha256:a49d315db5a7a19d55422e1678e8a1c3b9661d7296bef3179fa620cf80b12674",
                "sha256:a911beb8149d7dae9d4c942927c448c05c41dfaa9c002a6bc26e269df932769b",
                "sha256:cf34479130704797ce28a478f0b5985abe71ea90999a1c956e15fe0b0b11d0dc",
                "sha256:d3724acff61ee1029fefc614cf005982338b033998a0b71fbb13a0a2fd99ab6f"
            ],
            "version": "==5.0.1"
        }
    },
    "develop": {}
}
