[[package]]
category = "main"
description = "File support for asyncio."
name = "aiofiles"
optional = false
python-versions = "*"
version = "0.4.0"

[[package]]
category = "main"
description = "Screen-scraping library"
name = "beautifulsoup4"
optional = false
python-versions = "*"
version = "4.6.3"

[[package]]
category = "main"
description = "Python package for providing Mozilla's CA Bundle."
name = "certifi"
optional = false
python-versions = "*"
version = "2018.8.24"

[[package]]
category = "main"
description = "Universal encoding detector for Python 2 and 3"
name = "chardet"
optional = false
python-versions = "*"
version = "3.0.4"

[[package]]
category = "main"
description = "HTML minifier for Python frameworks (not only Django, despite the name)."
name = "django-htmlmin"
optional = false
python-versions = "*"
version = "0.10.0"

[package.dependencies]
beautifulsoup4 = "*"
html5lib = "*"

[[package]]
category = "main"
description = "HTML parser based on the WHATWG HTML specification"
name = "html5lib"
optional = false
python-versions = "*"
version = "1.0.1"

[package.dependencies]
six = ">=1.9"
webencodings = "*"

[[package]]
category = "main"
description = "A collection of framework independent HTTP protocol utils."
name = "httptools"
optional = false
python-versions = "*"
version = "0.0.11"

[[package]]
category = "main"
description = "Internationalized Domain Names in Applications (IDNA)"
name = "idna"
optional = false
python-versions = "*"
version = "2.7"

[[package]]
category = "main"
description = "A small but fast and easy to use stand-alone template engine written in pure python."
name = "jinja2"
optional = false
python-versions = "*"
version = "2.10"

[package.dependencies]
MarkupSafe = ">=0.23"

[[package]]
category = "main"
description = "Implements a XML/HTML/XHTML Markup safe string for Python"
name = "markupsafe"
optional = false
python-versions = "*"
version = "1.0"

[[package]]
category = "main"
description = "The fastest markdown parser in pure Python"
name = "mistune"
optional = false
python-versions = "*"
version = "0.8.3"

[[package]]
category = "main"
description = "File system general utilities"
name = "pathtools3"
optional = false
python-versions = "*"
version = "0.2.1"

[[package]]
category = "main"
description = "Pygments is a syntax highlighting package written in Python."
name = "pygments"
optional = false
python-versions = "*"
version = "2.2.0"

[[package]]
category = "main"
description = "Python<->ObjC Interoperability Module"
marker = "sys_platform == \"darwin\""
name = "pyobjc-core"
optional = false
python-versions = "*"
version = "4.2.2"

[[package]]
category = "main"
description = "Wrappers for the Cocoa frameworks on macOS"
marker = "sys_platform == \"darwin\""
name = "pyobjc-framework-cocoa"
optional = false
python-versions = "*"
version = "4.2.2"

[package.dependencies]
pyobjc-core = ">=4.2.2"

[[package]]
category = "main"
description = "Wrappers for the framework FSEvents on macOS"
marker = "sys_platform == \"darwin\""
name = "pyobjc-framework-fsevents"
optional = false
python-versions = "*"
version = "4.2.2"

[package.dependencies]
pyobjc-core = ">=4.2.2"
pyobjc-framework-Cocoa = ">=4.2.2"

[[package]]
category = "main"
description = "Python HTTP for Humans."
name = "requests"
optional = false
python-versions = ">=2.6, !=3.0.*, !=3.1.*, !=3.2.*, !=3.3.*"
version = "2.19.1"

[package.dependencies]
certifi = ">=2017.4.17"
chardet = ">=3.0.2,<3.1.0"
idna = ">=2.5,<2.8"
urllib3 = ">=1.21.1,<1.24"

[[package]]
category = "main"
description = ""
name = "rfeed"
optional = false
python-versions = "*"
version = "1.0.0"

[package.source]
reference = "2e1aa6f036efcb097543a6529862a3f956e85187"
type = "git"
url = "https://github.com/PhilipTrauner/rfeed.git"

[[package]]
category = "main"
description = "A microframework based on uvloop, httptools, and learnings of flask"
name = "sanic"
optional = false
python-versions = "*"
version = "0.7.0"

[package.dependencies]
aiofiles = ">=0.3.0"
httptools = ">=0.0.9"
ujson = ">=1.35"
uvloop = ">=0.5.3"
websockets = ">=4.0"

[[package]]
category = "main"
description = "Python 2 and 3 compatibility utilities"
name = "six"
optional = false
python-versions = "*"
version = "1.11.0"

[[package]]
category = "main"
description = "simple client for the Spotify Web API"
name = "spotipy"
optional = false
python-versions = "*"
version = "2.4.4"

[package.dependencies]
requests = ">=1.0"

[[package]]
category = "main"
description = "Ultra fast JSON encoder and decoder for Python"
name = "ujson"
optional = false
python-versions = "*"
version = "1.35"

[[package]]
category = "main"
description = "HTTP library with thread-safe connection pooling, file post, and more."
name = "urllib3"
optional = false
python-versions = ">=2.6, !=3.0.*, !=3.1.*, !=3.2.*, !=3.3.*, <4"
version = "1.23"

[[package]]
category = "main"
description = "Object-oriented URL from `urllib.parse` and `pathlib`"
name = "urlpath"
optional = false
python-versions = "*"
version = "1.1.4"

[package.dependencies]
requests = "*"

[[package]]
category = "main"
description = "Fast implementation of asyncio event loop on top of libuv"
name = "uvloop"
optional = false
python-versions = "*"
version = "0.11.2"

[[package]]
category = "main"
description = "# Voluptuous is a Python data validation library"
name = "voluptuous"
optional = false
python-versions = "*"
version = "0.11.5"

[[package]]
category = "main"
description = "Filesystem events monitoring"
name = "watchdog3"
optional = false
python-versions = "*"
version = "0.8.5"

[package.dependencies]
pathtools3 = ">=0.2.1"
pyobjc-framework-Cocoa = ">=4.2.2"
pyobjc-framework-FSEvents = ">=4.2.2"

[[package]]
category = "main"
description = "Character encoding aliases for legacy web content"
name = "webencodings"
optional = false
python-versions = "*"
version = "0.5.1"

[[package]]
category = "main"
description = "An implementation of the WebSocket Protocol (RFC 6455 & 7692)"
name = "websockets"
optional = false
python-versions = ">=3.4"
version = "6.0"

[metadata]
content-hash = "ef4bd72820d29b96c401e8bdcccfec390573d1805d693bd96642f6a5596b3ba4"
python-versions = "^3.7"

[metadata.hashes]
aiofiles = ["021ea0ba314a86027c166ecc4b4c07f2d40fc0f4b3a950d1868a0f2571c2bbee", "1e644c2573f953664368de28d2aa4c89dfd64550429d0c27c4680ccd3aa4985d"]
beautifulsoup4 = ["194ec62a25438adcb3fdb06378b26559eda1ea8a747367d34c33cef9c7f48d57", "90f8e61121d6ae58362ce3bed8cd997efb00c914eae0ff3d363c32f9a9822d10", "f0abd31228055d698bb392a826528ea08ebb9959e6bea17c606fd9c9009db938"]
certifi = ["376690d6f16d32f9d1fe8932551d80b23e9d393a8578c5633a2ed39a64861638", "456048c7e371c089d0a77a5212fb37a2c2dce1e24146e3b7e0261736aaeaa22a"]
chardet = ["84ab92ed1c4d4f16916e05906b6b75a6c0fb5db821cc65e70cbd64a3e2a5eaae", "fc323ffcaeaed0e0a02bf4d117757b98aed530d9ed4531e3e15460124c106691"]
django-htmlmin = ["0278aeb581cfc5d6a25fe6d3b3a19e4fabe7615d7bd1fcef77ce44931dc25b7c", "d01d525a266dc04d439fb7dc4a3701f70fd4601cf7ba8977047b4f4e9cf70aa3"]
html5lib = ["20b159aa3badc9d5ee8f5c647e5efd02ed2a66ab8d354930bd9ff139fc1dc0a3", "66cb0dcfdbbc4f9c3ba1a63fdb511ffdbd4f513b2b6d81b80cd26ce6b3fb3736"]
httptools = ["04c7703bbef0e8ca28b09811547352b8c7c20549eab70dc24e536bb24fd2b7c5"]
idna = ["156a6814fb5ac1fc6850fb002e0852d56c0c8d2531923a51032d1b70760e186e", "684a38a6f903c1d71d6d5fac066b58d7768af4de2b832e426ec79c30daa94a16"]
jinja2 = ["74c935a1b8bb9a3947c50a54766a969d4846290e1e788ea44c1392163723c3bd", "f84be1bb0040caca4cea721fcbbbbd61f9be9464ca236387158b0feea01914a4"]
markupsafe = ["a6be69091dac236ea9c6bc7d012beab42010fa914c459791d627dad4910eb665"]
mistune = ["b4c512ce2fc99e5a62eb95a4aba4b73e5f90264115c40b70a21e1f7d4e0eac91", "bc10c33bfdcaa4e749b779f62f60d6e12f8215c46a292d05e486b869ae306619"]
pathtools3 = ["0c267c304fb36b581897d63ee26e9d873213688d1dde2d95c77986b5eed2cc83", "630c1edc09ef93abea40fc06b10067e5734d8f38cc85867bc61d1a5c9eb7796f"]
pygments = ["78f3f434bcc5d6ee09020f92ba487f95ba50f1e3ef83ae96b9d5ffa1bab25c5d", "dbae1046def0efb574852fab9e90209b23f556367b5a320c0bcb871c77c3e8cc"]
pyobjc-core = ["198b0490b50d261aa155295b6b9f7d154a52a6bb6a67b8e3704bb29820512a6c", "19b98162bb42de01b05bb6c3c32e2c533085ce98799c6451177550416430188a", "30098aa6242b873c35546e8771e13989685d9310de76cf32d5c4d35355394899", "313f8868d5125d740a579e9565c777342b4676afce312073f84e292de0896b0e", "4a2703684d90ac323261bc4155ca839e924986354a1c23a4bb35c4da9219d37b", "9f63e76e1e1ff345aa00436247a6c914c1b2e54b1b192fe65b17496dc866f544", "aa63dd6bc1a45d0ec247088a92dad1d39a7b9282835823ea9cb79c02c23e9d0f", "f76ed67ae902ea4bf6b673962520334b0ae26910c294b6ffbd2ac1af9b62ea0f"]
pyobjc-framework-cocoa = ["15c0f28b39ff638d73d2f1c400c92ec8cb4904193e2650ce51dd9b8bd4435362", "38001a7cbc49452e844fef011546322683f3fe782f84c62cc1e03c79341dff42", "58691c40df5d7e1a8baf6cf68b579a6b1fe3b7d9ab735c6015cc0e03a146fd38", "80610ece3ff537c41f31c5a149e4253caa75ce46e6a6bfc2e00fcaff154f8a7d", "99b33ab038b90e8866e4cb510213f235c3010982fa425d8f34850c45ece30c43", "c1b7f5418848faf0106dbd06462f37e0fa3cade8fba869e7299f282f89651cc8", "d97fd162a60e4dc8384b4fe2cc4916039f3a8b6c8545d9df0ad35c580c1424ea", "e11c70043c5adb2acb275773396f0e4899f987749de92081e6d32f68a6abb8ed"]
pyobjc-framework-fsevents = ["039649dd48dd298fe4437c5dbbc3429a40c87421edb42be89e66181b811f0447", "52553a01a18b8f20e45399ed401d6c6bbb059b4df1be5a5f1af1127937b44848", "5555ec8dd1c695336799abd8c8d27f6471d3acc67755f3c75b3788b6e13bcdc9", "5f3c798f2f2ce81815c39a62a63229ca2cfd74c2333887103b27271a7aa4764d", "66fa22c06075ac98dc91a0cc7e249107095eff03cd8354fa90f5a1ea7dcd7fc9", "8d553da7d0fd9cda3c988ec07fb8aa899178afad825b72747679c2987dcd7211", "c043c2c4c00af6f9a5b831e95719b044ed3bd6c5a47e4ff57e34d363d23a48f1", "cd33c86571fafe4ac244e885357da2c9f44e6f6cd8fd567afb58ec30bf130dac"]
requests = ["63b52e3c866428a224f97cab011de738c36aec0185aa91cfacd418b5d58911d1", "ec22d826a36ed72a7358ff3fe56cbd4ba69dd7a6718ffd450ff0e9df7a47ce6a"]
rfeed = []
sanic = ["18a3bd729093ac93a245849c44045c505a11e6d36da5bf231cb986bfb1e3c14c", "22b1a6f1dc55db8a136335cb0961afa95040ca78aa8c78425a40d91e8618e60e"]
six = ["70e8a77beed4562e7f14fe23a786b54f6296e34344c23bc42f07b15018ff98e9", "832dc0e10feb1aa2c68dcc57dbb658f1c7e65b9b61af69048abc87a2db00a0eb"]
spotipy = ["4b05da481b5c5dd4d1da8c0f0d13ca805dde037db648d12be866244b19501ed1"]
ujson = ["f66073e5506e91d204ab0c614a148d5aa938bdbf104751be66f8ad7a222f5f86"]
urllib3 = ["a68ac5e15e76e7e5dd2b8f94007233e01effe3e50e8daddf69acfd81cb686baf", "b5725a0bd4ba422ab0e66e89e030c806576753ea3ee08554382c14e685d117b5"]
urlpath = ["d6f543cf17bde4d6e6e53945fb28514e39b306e1039ae26dab99e9bb90fb7959"]
uvloop = ["0657ebcccb261bdd0a360c83dbc6c1218f13cf5c1a3f381bca68ba5977bb6e5a", "089b3513db7f2122ac00a9ce18be879d626a566537c93bbcbb54053e3f24acf5", "251744b1bb162577db2e48cccb28ec9bad4126591471e6ba63dcbe71abc1c741", "4076d40ae0b7557d5982ffe726b153c947a4d70725080ead0121006bdb9f7431", "58d6978112ff292cedf2fd754c8085c9a8c6b98737b8ab3cda3d2a081977a91e", "a97bd62ebbdf7e6e84bf44afe439d9b24ce4d8661a29a639626a8c03748f6f98", "c2e04cab3e2c71d79002a814a243bc42f0253eb761b1f3af989d38ec8142532c", "cbab9f6de63b10fc4991cbf9a720a8ceecfba501f5571f35fc3a74c76223ea66", "d3818242d174a326ea49e2e8f7c1e448432ce17ecb31aeb5084600950857b663", "f2ffcaa13a5e279d0b3296cd6c691df39876cc818482168a80edd3b0e5deef57"]
voluptuous = ["303542b3fc07fb52ec3d7a1c614b329cdbee13a9d681935353d8ea56a7bfa9f1", "567a56286ef82a9d7ae0628c5842f65f516abcb496e74f3f59f1d7b28df314ef"]
watchdog3 = ["742b1b8836807bca7e28b062b85987ae5fc10aada4274c204b26a195a7ddf2b3"]
webencodings = ["a0af1213f3c2226497a97e2b3aa01a7e4bee4f403f95be16fc9acd2947514a78", "b36a1c245f2d304965eb4e0a82848379241dc04b865afcc4aab16748587e1923"]
websockets = ["0e2f7d6567838369af074f0ef4d0b802d19fa1fee135d864acc656ceefa33136", "2a16dac282b2fdae75178d0ed3d5b9bc3258dabfae50196cbb30578d84b6f6a6", "5a1fa6072405648cb5b3688e9ed3b94be683ce4a4e5723e6f5d34859dee495c1", "5c1f55a1274df9d6a37553fef8cff2958515438c58920897675c9bc70f5a0538", "669d1e46f165e0ad152ed8197f7edead22854a6c90419f544e0f234cc9dac6c4", "695e34c4dbea18d09ab2c258994a8bf6a09564e762655408241f6a14592d2908", "6b2e03d69afa8d20253455e67b64de1a82ff8612db105113cccec35d3f8429f0", "79ca7cdda7ad4e3663ea3c43bfa8637fc5d5604c7737f19a8964781abbd1148d", "7fd2dd9a856f72e6ed06f82facfce01d119b88457cd4b47b7ae501e8e11eba9c", "82c0354ac39379d836719a77ee360ef865377aa6fdead87909d50248d0f05f4d", "8f3b956d11c5b301206382726210dc1d3bee1a9ccf7aadf895aaf31f71c3716c", "91ec98640220ae05b34b79ee88abf27f97ef7c61cf525eec57ea8fcea9f7dddb", "952be9540d83dba815569d5cb5f31708801e0bbfc3a8c5aef1890b57ed7e58bf", "99ac266af38ba1b1fe13975aea01ac0e14bb5f3a3200d2c69f05385768b8568e", "9fa122e7adb24232247f8a89f2d9070bf64b7869daf93ac5e19546b409e47e96", "a0873eadc4b8ca93e2e848d490809e0123eea154aa44ecd0109c4d0171869584", "cb998bd4d93af46b8b49ecf5a72c0a98e5cc6d57fdca6527ba78ad89d6606484", "e02e57346f6a68523e3c43bbdf35dde5c440318d1f827208ae455f6a2ace446d", "e79a5a896bcee7fff24a788d72e5c69f13e61369d055f28113e71945a7eb1559", "ee55eb6bcf23ecc975e6b47c127c201b913598f38b6a300075f84eeef2d3baff", "f1414e6cbcea8d22843e7eafdfdfae3dd1aba41d1945f6ca66e4806c07c4f454"]
