[[package]]
category = "main"
description = "File support for asyncio."
name = "aiofiles"
optional = false
python-versions = "*"
version = "0.4.0"

[[package]]
category = "main"
description = "Screen-scraping library"
name = "beautifulsoup4"
optional = false
python-versions = "*"
version = "4.6.3"

[[package]]
category = "main"
description = "Python package for providing Mozilla's CA Bundle."
name = "certifi"
optional = false
python-versions = "*"
version = "2018.11.29"

[[package]]
category = "main"
description = "Universal encoding detector for Python 2 and 3"
name = "chardet"
optional = false
python-versions = "*"
version = "3.0.4"

[[package]]
category = "main"
description = "HTML minifier for Python frameworks (not only Django, despite the name)."
name = "django-htmlmin"
optional = false
python-versions = "*"
version = "0.10.0"

[package.dependencies]
beautifulsoup4 = "*"
html5lib = "*"

[[package]]
category = "main"
description = "HTML parser based on the WHATWG HTML specification"
name = "html5lib"
optional = false
python-versions = "*"
version = "1.0.1"

[package.dependencies]
six = ">=1.9"
webencodings = "*"

[[package]]
category = "main"
description = "A collection of framework independent HTTP protocol utils."
name = "httptools"
optional = false
python-versions = "*"
version = "0.0.11"

[[package]]
category = "main"
description = "Internationalized Domain Names in Applications (IDNA)"
name = "idna"
optional = false
python-versions = ">=2.7, !=3.0.*, !=3.1.*, !=3.2.*, !=3.3.*"
version = "2.8"

[[package]]
category = "main"
description = "A small but fast and easy to use stand-alone template engine written in pure python."
name = "jinja2"
optional = false
python-versions = "*"
version = "2.10"

[package.dependencies]
MarkupSafe = ">=0.23"

[[package]]
category = "main"
description = "Python implementation of Markdown."
name = "Markdown"
optional = false
python-versions = ">=2.7,!=3.0.*,!=3.1.*,!=3.2.*,!=3.3.*"
version = "3.1"

[package.dependencies]
setuptools = ">=36"

[package.source]
reference = "21f58ecb6c6c156f1ce16662c81476f743eaf262"
type = "git"
url = "https://github.com/PhilipTrauner/markdown.git"
[[package]]
category = "main"
description = "Safely add untrusted strings to HTML/XML markup."
name = "markupsafe"
optional = false
python-versions = ">=2.7,!=3.0.*,!=3.1.*,!=3.2.*,!=3.3.*"
version = "1.1.0"

[[package]]
category = "main"
description = "File system general utilities"
name = "pathtools3"
optional = false
python-versions = "*"
version = "0.2.1"

[[package]]
category = "main"
description = "Pygments is a syntax highlighting package written in Python."
name = "pygments"
optional = false
python-versions = "*"
version = "2.3.1"

[[package]]
category = "main"
description = "Extension pack for Python Markdown."
name = "pymdown-extensions"
optional = false
python-versions = "*"
version = "6.0"

[package.dependencies]
Markdown = ">=3.0.1"

[[package]]
category = "main"
description = "Python<->ObjC Interoperability Module"
marker = "sys_platform == \"darwin\""
name = "pyobjc-core"
optional = false
python-versions = "*"
version = "5.1.2"

[[package]]
category = "main"
description = "Wrappers for the Cocoa frameworks on macOS"
marker = "sys_platform == \"darwin\""
name = "pyobjc-framework-cocoa"
optional = false
python-versions = "*"
version = "5.1.2"

[package.dependencies]
pyobjc-core = ">=5.1.2"

[[package]]
category = "main"
description = "Wrappers for the framework FSEvents on macOS"
marker = "sys_platform == \"darwin\""
name = "pyobjc-framework-fsevents"
optional = false
python-versions = "*"
version = "5.1.2"

[package.dependencies]
pyobjc-core = ">=5.1.2"
pyobjc-framework-Cocoa = ">=5.1.2"

[[package]]
category = "main"
description = "Python HTTP for Humans."
name = "requests"
optional = false
python-versions = ">=2.7, !=3.0.*, !=3.1.*, !=3.2.*, !=3.3.*"
version = "2.21.0"

[package.dependencies]
certifi = ">=2017.4.17"
chardet = ">=3.0.2,<3.1.0"
idna = ">=2.5,<2.9"
urllib3 = ">=1.21.1,<1.25"

[[package]]
category = "main"
description = "Python RSS 2.0 Generator"
name = "rfeed"
optional = false
python-versions = "*"
version = "1.0.0"

[package.source]
reference = "2e1aa6f036efcb097543a6529862a3f956e85187"
type = "git"
url = "https://github.com/PhilipTrauner/rfeed.git"
[[package]]
category = "main"
description = "A microframework based on uvloop, httptools, and learnings of flask"
name = "sanic"
optional = false
python-versions = "*"
version = "0.7.0"

[package.dependencies]
aiofiles = ">=0.3.0"
httptools = ">=0.0.9"
ujson = ">=1.35"
uvloop = ">=0.5.3"
websockets = ">=4.0"

[[package]]
category = "main"
description = "Python 2 and 3 compatibility utilities"
name = "six"
optional = false
python-versions = ">=2.6, !=3.0.*, !=3.1.*"
version = "1.12.0"

[[package]]
category = "main"
description = "simple client for the Spotify Web API"
name = "spotipy"
optional = false
python-versions = "*"
version = "2.4.4"

[package.dependencies]
requests = ">=1.0"

[[package]]
category = "main"
description = "Ultra fast JSON encoder and decoder for Python"
name = "ujson"
optional = false
python-versions = "*"
version = "1.35"

[[package]]
category = "main"
description = "HTTP library with thread-safe connection pooling, file post, and more."
name = "urllib3"
optional = false
python-versions = ">=2.7, !=3.0.*, !=3.1.*, !=3.2.*, !=3.3.*, <4"
version = "1.24.1"

[[package]]
category = "main"
description = "Object-oriented URL from `urllib.parse` and `pathlib`"
name = "urlpath"
optional = false
python-versions = "*"
version = "1.1.4"

[package.dependencies]
requests = "*"

[[package]]
category = "main"
description = "Fast implementation of asyncio event loop on top of libuv"
name = "uvloop"
optional = false
python-versions = "*"
version = "0.11.3"

[[package]]
category = "main"
description = "# Voluptuous is a Python data validation library"
name = "voluptuous"
optional = false
python-versions = "*"
version = "0.11.5"

[[package]]
category = "main"
description = "Filesystem events monitoring"
name = "watchdog3"
optional = false
python-versions = "*"
version = "0.8.5"

[package.dependencies]
pathtools3 = ">=0.2.1"
pyobjc-framework-Cocoa = ">=4.2.2"
pyobjc-framework-FSEvents = ">=4.2.2"

[[package]]
category = "main"
description = "Character encoding aliases for legacy web content"
name = "webencodings"
optional = false
python-versions = "*"
version = "0.5.1"

[[package]]
category = "main"
description = "An implementation of the WebSocket Protocol (RFC 6455 & 7692)"
name = "websockets"
optional = false
python-versions = ">=3.4"
version = "7.0"

[metadata]
content-hash = "a137afe60eaceccb960c4349df01529c49a3c0beb57c00a1af95e0536597bff0"
python-versions = "^3.7"

[metadata.hashes]
Markdown = []
aiofiles = ["021ea0ba314a86027c166ecc4b4c07f2d40fc0f4b3a950d1868a0f2571c2bbee", "1e644c2573f953664368de28d2aa4c89dfd64550429d0c27c4680ccd3aa4985d"]
beautifulsoup4 = ["194ec62a25438adcb3fdb06378b26559eda1ea8a747367d34c33cef9c7f48d57", "90f8e61121d6ae58362ce3bed8cd997efb00c914eae0ff3d363c32f9a9822d10", "f0abd31228055d698bb392a826528ea08ebb9959e6bea17c606fd9c9009db938"]
certifi = ["47f9c83ef4c0c621eaef743f133f09fa8a74a9b75f037e8624f83bd1b6626cb7", "993f830721089fef441cdfeb4b2c8c9df86f0c63239f06bd025a76a7daddb033"]
chardet = ["84ab92ed1c4d4f16916e05906b6b75a6c0fb5db821cc65e70cbd64a3e2a5eaae", "fc323ffcaeaed0e0a02bf4d117757b98aed530d9ed4531e3e15460124c106691"]
django-htmlmin = ["0278aeb581cfc5d6a25fe6d3b3a19e4fabe7615d7bd1fcef77ce44931dc25b7c", "d01d525a266dc04d439fb7dc4a3701f70fd4601cf7ba8977047b4f4e9cf70aa3"]
html5lib = ["20b159aa3badc9d5ee8f5c647e5efd02ed2a66ab8d354930bd9ff139fc1dc0a3", "66cb0dcfdbbc4f9c3ba1a63fdb511ffdbd4f513b2b6d81b80cd26ce6b3fb3736"]
httptools = ["04c7703bbef0e8ca28b09811547352b8c7c20549eab70dc24e536bb24fd2b7c5"]
idna = ["c357b3f628cf53ae2c4c05627ecc484553142ca23264e593d327bcde5e9c3407", "ea8b7f6188e6fa117537c3df7da9fc686d485087abf6ac197f9c46432f7e4a3c"]
jinja2 = ["74c935a1b8bb9a3947c50a54766a969d4846290e1e788ea44c1392163723c3bd", "f84be1bb0040caca4cea721fcbbbbd61f9be9464ca236387158b0feea01914a4"]
markupsafe = ["048ef924c1623740e70204aa7143ec592504045ae4429b59c30054cb31e3c432", "130f844e7f5bdd8e9f3f42e7102ef1d49b2e6fdf0d7526df3f87281a532d8c8b", "19f637c2ac5ae9da8bfd98cef74d64b7e1bb8a63038a3505cd182c3fac5eb4d9", "1b8a7a87ad1b92bd887568ce54b23565f3fd7018c4180136e1cf412b405a47af", "1c25694ca680b6919de53a4bb3bdd0602beafc63ff001fea2f2fc16ec3a11834", "1f19ef5d3908110e1e891deefb5586aae1b49a7440db952454b4e281b41620cd", "1fa6058938190ebe8290e5cae6c351e14e7bb44505c4a7624555ce57fbbeba0d", "31cbb1359e8c25f9f48e156e59e2eaad51cd5242c05ed18a8de6dbe85184e4b7", "3e835d8841ae7863f64e40e19477f7eb398674da6a47f09871673742531e6f4b", "4e97332c9ce444b0c2c38dd22ddc61c743eb208d916e4265a2a3b575bdccb1d3", "525396ee324ee2da82919f2ee9c9e73b012f23e7640131dd1b53a90206a0f09c", "52b07fbc32032c21ad4ab060fec137b76eb804c4b9a1c7c7dc562549306afad2", "52ccb45e77a1085ec5461cde794e1aa037df79f473cbc69b974e73940655c8d7", "5c3fbebd7de20ce93103cb3183b47671f2885307df4a17a0ad56a1dd51273d36", "5e5851969aea17660e55f6a3be00037a25b96a9b44d2083651812c99d53b14d1", "5edfa27b2d3eefa2210fb2f5d539fbed81722b49f083b2c6566455eb7422fd7e", "7d263e5770efddf465a9e31b78362d84d015cc894ca2c131901a4445eaa61ee1", "83381342bfc22b3c8c06f2dd93a505413888694302de25add756254beee8449c", "857eebb2c1dc60e4219ec8e98dfa19553dae33608237e107db9c6078b1167856", "98e439297f78fca3a6169fd330fbe88d78b3bb72f967ad9961bcac0d7fdd1550", "bf54103892a83c64db58125b3f2a43df6d2cb2d28889f14c78519394feb41492", "d9ac82be533394d341b41d78aca7ed0e0f4ba5a2231602e2f05aa87f25c51672", "e982fe07ede9fada6ff6705af70514a52beb1b2c3d25d4e873e82114cf3c5401", "edce2ea7f3dfc981c4ddc97add8a61381d9642dc3273737e756517cc03e84dd6", "efdc45ef1afc238db84cb4963aa689c0408912a0239b0721cb172b4016eb31d6", "f137c02498f8b935892d5c0172560d7ab54bc45039de8805075e19079c639a9c", "f82e347a72f955b7017a39708a3667f106e6ad4d10b25f237396a7115d8ed5fd", "fb7c206e01ad85ce57feeaaa0bf784b97fa3cad0d4a5737bc5295785f5c613a1"]
pathtools3 = ["0c267c304fb36b581897d63ee26e9d873213688d1dde2d95c77986b5eed2cc83", "630c1edc09ef93abea40fc06b10067e5734d8f38cc85867bc61d1a5c9eb7796f"]
pygments = ["5ffada19f6203563680669ee7f53b64dabbeb100eb51b61996085e99c03b284a", "e8218dd399a61674745138520d0d4cf2621d7e032439341bc3f647bff125818d"]
pymdown-extensions = ["25b0a7967fa697b5035e23340a48594e3e93acb10b06d74574218ace3347d1df", "6cf0cf36b5a03b291ace22dc2f320f4789ce56fbdb6635a3be5fadbf5d7694dd"]
pyobjc-core = ["0db8a392c20999c1ecceaf4fe020120e08f701da3e450ae1a44db89395a2ca14", "15cafa04fe87e356fb098651ac9cb649053a3e90c9b33ba6069c1b4caf12b923", "36806db4ec71629248747d044c45b227b43a3278db9c872ae99fa0fd2f598ce9", "4b2fe2973fbd72c435d90e150d59f8d3a3b96bdd86f3a270c7762ddb3a739ef6", "5316d36a0d4faa7add3c36a32df57074bd9718a813db1bae9149f763532353ab", "644c2a87622456f404f2f0042e2e58dde3f5f603fee7120846cb7d59a1bc877e", "9f1182614803255d25ca6fc7c6c69b5a329bfb1c3db0d2dedf76ab726310a4c6", "ce30699a4f0b7d757e06aeba564f25ad09a54174eefdb1a53f917fca4ea17f97", "db8836da2401e63d8bdaff7052fdc6113b7527d12d84e58fe075e69ff590e8fd"]
pyobjc-framework-cocoa = ["0ca2487d29a7e5392fa15f18643e79c001c1f55722e6b5287f4b0dc00c9bf9e4", "3df2ccfd602ee9bc5a208c35b7d592af5a54347ad4bd82e12c200ed667f06c22", "43e11210ec5175b64bd8bd7db2ac9c83a4384ea7ac924f993c59b373bd95c207", "83bf1d2c9ce0c767646646b353575fb971e5bf1ce634d58ce97ef5a1564bc4cc", "89d1126c16df70f9f07b469f9b86fabe32609b18c5b49f4cfb4c95fbb66490b7", "a13f451071b7bd00e773874ddf5de4618c121448312d3409dac93a0bcc71962e", "cd6e53cd76a23633ea9149822a5eefa246950657f9eef44b0fea3331e2a95749", "d6d7489211570cacd4fcc95aed6bb5a31fef71f900a221eaba1bf80874544d61", "e784bab1b24e2e01a4724b7be8c813848845ffa592b00a7e25add233697cc9ad"]
pyobjc-framework-fsevents = ["18e45e1fc4c2e3875e58e402dfd5350db573babdc6388a60e939008d69f31372", "324e4c1263304b85ed6caba8137d506057109d07ca3a1213ccee7bab0884c456", "364ae29088a06f34a69c22d663b7db2dfd28a356e0b37a9ff6fd1a0ae03d7930", "60c4cc410a968334db4a17011d5f8fdf3b350b1e6e13df71e44c64adc3d9bf48", "78a1ad9aa55c58f7aded7be8b6f650aaaa7b5db59ba98ba8de3f7505bcd36c90", "8959bdc34dbb81bbf950b82defaa9dec878f1f5de450a4f437d82d88a92ef122", "9a5f72f69b4fe9743294809899792c25234cb4683bfc8a5f6bc2b17de2b4f107", "af4ebf0c5e77d224e9dcc00e7a18d792d89e09c5a7d3bb025b1f4fb54b951ddf", "c86e84ebb536b5ace8b3c39535ede01bdbe2c14664f70b2baeea180a15d7c2c8"]
requests = ["502a824f31acdacb3a35b6690b5fbf0bc41d63a24a45c4004352b0242707598e", "7bf2a778576d825600030a110f3c0e3e8edc51dfaafe1c146e39a2027784957b"]
rfeed = []
sanic = ["18a3bd729093ac93a245849c44045c505a11e6d36da5bf231cb986bfb1e3c14c", "22b1a6f1dc55db8a136335cb0961afa95040ca78aa8c78425a40d91e8618e60e"]
six = ["3350809f0555b11f552448330d0b52d5f24c91a322ea4a15ef22629740f3761c", "d16a0141ec1a18405cd4ce8b4613101da75da0e9a7aec5bdd4fa804d0e0eba73"]
spotipy = ["4b05da481b5c5dd4d1da8c0f0d13ca805dde037db648d12be866244b19501ed1"]
ujson = ["f66073e5506e91d204ab0c614a148d5aa938bdbf104751be66f8ad7a222f5f86"]
urllib3 = ["61bf29cada3fc2fbefad4fdf059ea4bd1b4a86d2b6d15e1c7c0b582b9752fe39", "de9529817c93f27c8ccbfead6985011db27bd0ddfcdb2d86f3f663385c6a9c22"]
urlpath = ["d6f543cf17bde4d6e6e53945fb28514e39b306e1039ae26dab99e9bb90fb7959"]
uvloop = ["159331750bfce6f0f2bd227fd5e3ccb8db8d2bbe08e84b9db5b6c647f651f5c0", "1cf6c111a19f782813ca57fa51a993978f4686de5e3ab5746bcd57af1a3ae4f8", "48da0b548a341c1add4c7bc9dd453a9e9feb3b260c6055751fe6c209f957aeda", "6549c9384a0256c97628f7a000b647e9496f7f8b211736f2e0b6858a738006bd", "708654c8e445f92160fc9e5c93387ca73f38904632527e5d38eb13eaa4fd0a12", "8b53ed6d07b3aa8c8255d2f9fcaf7107cd4949c6892fa561472021ecec205764", "8f92c4ae4fcf497ca48e5d2f2032b1eabd48878b7a46b7748dfa8d607ef250b1", "951331edad369cb9c000085e31da6bbb8af8ab791a726f7b29a608ccd79a6b74", "ab435a1ba78931ca8694a58478a7449b481c8442789e3420f31a593794c1c481", "fd5042d0a2ea07b92d0e2190f7711feb91cde31cf2bf1829e2e8c4c0fdd1f1aa"]
voluptuous = ["303542b3fc07fb52ec3d7a1c614b329cdbee13a9d681935353d8ea56a7bfa9f1", "567a56286ef82a9d7ae0628c5842f65f516abcb496e74f3f59f1d7b28df314ef"]
watchdog3 = ["742b1b8836807bca7e28b062b85987ae5fc10aada4274c204b26a195a7ddf2b3"]
webencodings = ["a0af1213f3c2226497a97e2b3aa01a7e4bee4f403f95be16fc9acd2947514a78", "b36a1c245f2d304965eb4e0a82848379241dc04b865afcc4aab16748587e1923"]
websockets = ["04b42a1b57096ffa5627d6a78ea1ff7fad3bc2c0331ffc17bc32a4024da7fea0", "08e3c3e0535befa4f0c4443824496c03ecc25062debbcf895874f8a0b4c97c9f", "10d89d4326045bf5e15e83e9867c85d686b612822e4d8f149cf4840aab5f46e0", "232fac8a1978fc1dead4b1c2fa27c7756750fb393eb4ac52f6bc87ba7242b2fa", "4bf4c8097440eff22bc78ec76fe2a865a6e658b6977a504679aaf08f02c121da", "51642ea3a00772d1e48fb0c492f0d3ae3b6474f34d20eca005a83f8c9c06c561", "55d86102282a636e195dad68aaaf85b81d0bef449d7e2ef2ff79ac450bb25d53", "564d2675682bd497b59907d2205031acbf7d3fadf8c763b689b9ede20300b215", "5d13bf5197a92149dc0badcc2b699267ff65a867029f465accfca8abab95f412", "5eda665f6789edb9b57b57a159b9c55482cbe5b046d7db458948370554b16439", "5edb2524d4032be4564c65dc4f9d01e79fe8fad5f966e5b552f4e5164fef0885", "79691794288bc51e2a3b8de2bc0272ca8355d0b8503077ea57c0716e840ebaef", "7fcc8681e9981b9b511cdee7c580d5b005f3bb86b65bde2188e04a29f1d63317", "8e447e05ec88b1b408a4c9cde85aa6f4b04f06aa874b9f0b8e8319faf51b1fee", "90ea6b3e7787620bb295a4ae050d2811c807d65b1486749414f78cfd6fb61489", "9e13239952694b8b831088431d15f771beace10edfcf9ef230cefea14f18508f", "d40f081187f7b54d7a99d8a5c782eaa4edc335a057aa54c85059272ed826dc09", "e1df1a58ed2468c7b7ce9a2f9752a32ad08eac2bcd56318625c3647c2cd2da6f", "e98d0cec437097f09c7834a11c69d79fe6241729b23f656cfc227e93294fc242", "f8d59627702d2ff27cb495ca1abdea8bd8d581de425c56e93bff6517134e0a9b", "fc30cdf2e949a2225b012a7911d1d031df3d23e99b7eda7dfc982dc4a860dae9"]
